
Microsoft Visual Studio Solution File, Format Version 12.00
# Visual Studio Version 16
VisualStudioVersion = 16.0.30907.101
MinimumVisualStudioVersion = 10.0.40219.1
Project("{FAE04EC0-301F-11D3-BF4B-00C04F79EFBC}") = "Intro", "Intro\Intro.csproj", "{D5115F2A-D57E-451A-ABD8-319436E44861}"
EndProject
Global
	GlobalSection(SolutionConfigurationPlatforms) = preSolution
		Debug|Any CPU = Debug|Any CPU
		Release|Any CPU = Release|Any CPU
	EndGlobalSection
	GlobalSection(ProjectConfigurationPlatforms) = postSolution
		{D5115F2A-D57E-451A-ABD8-319436E44861}.Debug|Any CPU.ActiveCfg = Debug|Any CPU
		{D5115F2A-D57E-451A-ABD8-319436E44861}.Debug|Any CPU.Build.0 = Debug|Any CPU
		{D5115F2A-D57E-451A-ABD8-319436E44861}.Release|Any CPU.ActiveCfg = Release|Any CPU
		{D5115F2A-D57E-451A-ABD8-319436E44861}.Release|Any CPU.Build.0 = Release|Any CPU
	EndGlobalSection
	GlobalSection(SolutionProperties) = preSolution
		HideSolutionNode = FALSE
	EndGlobalSection
	GlobalSection(ExtensibilityGlobals) = postSolution
		SolutionGuid = {1B5521AD-8DCC-4B81-BC8B-3270B14D28E1}
	EndGlobalSection
EndGlobal
