
Microsoft Visual Studio Solution File, Format Version 12.00
# Visual Studio Version 16
VisualStudioVersion = 16.0.30907.101
MinimumVisualStudioVersion = 10.0.40219.1
Project("{FAE04EC0-301F-11D3-BF4B-00C04F79EFBC}") = "LINQQueriesOnObjects", "LINQQueriesOnObjects\LINQQueriesOnObjects.csproj", "{34D8FAF7-167B-45AB-B0BC-60453C3C3A73}"
EndProject
Global
	GlobalSection(SolutionConfigurationPlatforms) = preSolution
		Debug|Any CPU = Debug|Any CPU
		Release|Any CPU = Release|Any CPU
	EndGlobalSection
	GlobalSection(ProjectConfigurationPlatforms) = postSolution
		{34D8FAF7-167B-45AB-B0BC-60453C3C3A73}.Debug|Any CPU.ActiveCfg = Debug|Any CPU
		{34D8FAF7-167B-45AB-B0BC-60453C3C3A73}.Debug|Any CPU.Build.0 = Debug|Any CPU
		{34D8FAF7-167B-45AB-B0BC-60453C3C3A73}.Release|Any CPU.ActiveCfg = Release|Any CPU
		{34D8FAF7-167B-45AB-B0BC-60453C3C3A73}.Release|Any CPU.Build.0 = Release|Any CPU
	EndGlobalSection
	GlobalSection(SolutionProperties) = preSolution
		HideSolutionNode = FALSE
	EndGlobalSection
	GlobalSection(ExtensibilityGlobals) = postSolution
		SolutionGuid = {6507D945-E8C1-4230-A3AF-9F5A564DCD4B}
	EndGlobalSection
EndGlobal
