
Microsoft Visual Studio Solution File, Format Version 12.00
# Visual Studio Version 16
VisualStudioVersion = 16.0.30907.101
MinimumVisualStudioVersion = 10.0.40219.1
Project("{FAE04EC0-301F-11D3-BF4B-00C04F79EFBC}") = "InnerJoin", "InnerJoin\InnerJoin.csproj", "{3376C4DA-EC4B-4152-BEB9-A64A0AC80F40}"
EndProject
Global
	GlobalSection(SolutionConfigurationPlatforms) = preSolution
		Debug|Any CPU = Debug|Any CPU
		Release|Any CPU = Release|Any CPU
	EndGlobalSection
	GlobalSection(ProjectConfigurationPlatforms) = postSolution
		{3376C4DA-EC4B-4152-BEB9-A64A0AC80F40}.Debug|Any CPU.ActiveCfg = Debug|Any CPU
		{3376C4DA-EC4B-4152-BEB9-A64A0AC80F40}.Debug|Any CPU.Build.0 = Debug|Any CPU
		{3376C4DA-EC4B-4152-BEB9-A64A0AC80F40}.Release|Any CPU.ActiveCfg = Release|Any CPU
		{3376C4DA-EC4B-4152-BEB9-A64A0AC80F40}.Release|Any CPU.Build.0 = Release|Any CPU
	EndGlobalSection
	GlobalSection(SolutionProperties) = preSolution
		HideSolutionNode = FALSE
	EndGlobalSection
	GlobalSection(ExtensibilityGlobals) = postSolution
		SolutionGuid = {A0659B20-827A-4864-8785-33529BAF7ADC}
	EndGlobalSection
EndGlobal
